
Microsoft Visual Studio Solution File, Format Version 12.00
# Visual Studio 15
VisualStudioVersion = 15.0.26730.16
MinimumVisualStudioVersion = 10.0.40219.1
Project("{FAE04EC0-301F-11D3-BF4B-00C04F79EFBC}") = "FootballField", "FootballField\FootballField.csproj", "{AA3510B0-D39B-4638-B905-396B0864C431}"
EndProject
Project("{FAE04EC0-301F-11D3-BF4B-00C04F79EFBC}") = "Eaglet", "Eaglet\Eaglet.csproj", "{46F61625-E417-4768-ACDB-A4B7B41C7CCC}"
EndProject
Project("{FAE04EC0-301F-11D3-BF4B-00C04F79EFBC}") = "Fledgling", "Fledgling\Fledgling.csproj", "{D4BBE341-A523-4001-AE0D-6F1880360095}"
EndProject
Project("{FAE04EC0-301F-11D3-BF4B-00C04F79EFBC}") = "FootballFieldWeb", "FootballFieldWeb\FootballFieldWeb.csproj", "{C3EDE2CD-AADD-4E0D-86E5-ED28DB639B26}"
EndProject
Project("{FAE04EC0-301F-11D3-BF4B-00C04F79EFBC}") = "Test", "Test\Test.csproj", "{88485D1D-E479-4F02-8620-1ACF2E2B4D0B}"
EndProject
Global
	GlobalSection(SolutionConfigurationPlatforms) = preSolution
		Debug|Any CPU = Debug|Any CPU
		Release|Any CPU = Release|Any CPU
	EndGlobalSection
	GlobalSection(ProjectConfigurationPlatforms) = postSolution
		{AA3510B0-D39B-4638-B905-396B0864C431}.Debug|Any CPU.ActiveCfg = Debug|Any CPU
		{AA3510B0-D39B-4638-B905-396B0864C431}.Debug|Any CPU.Build.0 = Debug|Any CPU
		{AA3510B0-D39B-4638-B905-396B0864C431}.Release|Any CPU.ActiveCfg = Release|Any CPU
		{AA3510B0-D39B-4638-B905-396B0864C431}.Release|Any CPU.Build.0 = Release|Any CPU
		{46F61625-E417-4768-ACDB-A4B7B41C7CCC}.Debug|Any CPU.ActiveCfg = Debug|Any CPU
		{46F61625-E417-4768-ACDB-A4B7B41C7CCC}.Debug|Any CPU.Build.0 = Debug|Any CPU
		{46F61625-E417-4768-ACDB-A4B7B41C7CCC}.Release|Any CPU.ActiveCfg = Release|Any CPU
		{46F61625-E417-4768-ACDB-A4B7B41C7CCC}.Release|Any CPU.Build.0 = Release|Any CPU
		{D4BBE341-A523-4001-AE0D-6F1880360095}.Debug|Any CPU.ActiveCfg = Debug|Any CPU
		{D4BBE341-A523-4001-AE0D-6F1880360095}.Debug|Any CPU.Build.0 = Debug|Any CPU
		{D4BBE341-A523-4001-AE0D-6F1880360095}.Release|Any CPU.ActiveCfg = Release|Any CPU
		{D4BBE341-A523-4001-AE0D-6F1880360095}.Release|Any CPU.Build.0 = Release|Any CPU
		{C3EDE2CD-AADD-4E0D-86E5-ED28DB639B26}.Debug|Any CPU.ActiveCfg = Debug|Any CPU
		{C3EDE2CD-AADD-4E0D-86E5-ED28DB639B26}.Debug|Any CPU.Build.0 = Debug|Any CPU
		{C3EDE2CD-AADD-4E0D-86E5-ED28DB639B26}.Release|Any CPU.ActiveCfg = Release|Any CPU
		{C3EDE2CD-AADD-4E0D-86E5-ED28DB639B26}.Release|Any CPU.Build.0 = Release|Any CPU
		{88485D1D-E479-4F02-8620-1ACF2E2B4D0B}.Debug|Any CPU.ActiveCfg = Debug|Any CPU
		{88485D1D-E479-4F02-8620-1ACF2E2B4D0B}.Debug|Any CPU.Build.0 = Debug|Any CPU
		{88485D1D-E479-4F02-8620-1ACF2E2B4D0B}.Release|Any CPU.ActiveCfg = Release|Any CPU
		{88485D1D-E479-4F02-8620-1ACF2E2B4D0B}.Release|Any CPU.Build.0 = Release|Any CPU
	EndGlobalSection
	GlobalSection(SolutionProperties) = preSolution
		HideSolutionNode = FALSE
	EndGlobalSection
	GlobalSection(ExtensibilityGlobals) = postSolution
		SolutionGuid = {D45536B4-64C7-4859-9968-10C8BA70FA4F}
	EndGlobalSection
EndGlobal
